<?xml version="1.0" encoding="utf-8"?>
<Project ToolsVersion="4.0" xmlns="http://schemas.microsoft.com/developer/msbuild/2003">
  <ItemGroup>
    <Filter Include="common">
      <UniqueIdentifier>{dbc63639-58fc-4072-a74a-ed658f4d37d2}</UniqueIdentifier>
    </Filter>
    <Filter Include="common\meshParticles">
      <UniqueIdentifier>{37e0437d-cf87-444f-a885-f016c1472641}</UniqueIdentifier>
    </Filter>
    <Filter Include="common\vmml">
      <UniqueIdentifier>{b430cffc-69a5-4673-8e50-3179686295c1}</UniqueIdentifier>
    </Filter>
    <Filter Include="cpu_version">
      <UniqueIdentifier>{2b630361-c885-4ab4-bde7-54ecc4cd3a68}</UniqueIdentifier>
    </Filter>
    <Filter Include="cpu_version\header">
      <UniqueIdentifier>{28e39cab-1330-4ac6-a227-2445deceeb3e}</UniqueIdentifier>
    </Filter>
    <Filter Include="cpu_version\src">
      <UniqueIdentifier>{c366f57e-845c-45e2-b46d-2f30c051ba2b}</UniqueIdentifier>
    </Filter>
    <Filter Include="gpu_version">
      <UniqueIdentifier>{6270ee3c-9a1d-4ca8-a14c-999b558f9910}</UniqueIdentifier>
    </Filter>
    <Filter Include="gpu_version\header">
      <UniqueIdentifier>{2955e50f-4e7e-400c-a6c4-a3588f11632e}</UniqueIdentifier>
    </Filter>
    <Filter Include="gpu_version\src">
      <UniqueIdentifier>{03ab10f8-795b-4997-9303-f1865c36f693}</UniqueIdentifier>
    </Filter>
    <Filter Include="SceneConfigure">
      <UniqueIdentifier>{ed9768af-2027-4bdf-9b94-2ac0bd95a0f6}</UniqueIdentifier>
    </Filter>
  </ItemGroup>
  <ItemGroup>
    <ClInclude Include="src\meshParticles\baseballcontroller.h">
      <Filter>common\meshParticles</Filter>
    </ClInclude>
    <ClInclude Include="src\meshParticles\bits.h">
      <Filter>common\meshParticles</Filter>
    </ClInclude>
    <ClInclude Include="src\meshParticles\body.h">
      <Filter>common\meshParticles</Filter>
    </ClInclude>
    <ClInclude Include="src\meshParticles\boundingvolume.h">
      <Filter>common\meshParticles</Filter>
    </ClInclude>
    <ClInclude Include="src\meshParticles\cachingsparsescalarlattice.h">
      <Filter>common\meshParticles</Filter>
    </ClInclude>
    <ClInclude Include="src\meshParticles\cell.h">
      <Filter>common\meshParticles</Filter>
    </ClInclude>
    <ClInclude Include="src\meshParticles\distancetransform.h">
      <Filter>common\meshParticles</Filter>
    </ClInclude>
    <ClInclude Include="src\meshParticles\extractsurface.h">
      <Filter>common\meshParticles</Filter>
    </ClInclude>
    <ClInclude Include="src\meshParticles\gltools.h">
      <Filter>common\meshParticles</Filter>
    </ClInclude>
    <ClInclude Include="src\meshParticles\hashing.h">
      <Filter>common\meshParticles</Filter>
    </ClInclude>
    <ClInclude Include="src\meshParticles\index.h">
      <Filter>common\meshParticles</Filter>
    </ClInclude>
    <ClInclude Include="src\meshParticles\kdtree.h">
      <Filter>common\meshParticles</Filter>
    </ClInclude>
    <ClInclude Include="src\meshParticles\levelset.h">
      <Filter>common\meshParticles</Filter>
    </ClInclude>
    <ClInclude Include="src\meshParticles\libbell.h">
      <Filter>common\meshParticles</Filter>
    </ClInclude>
    <ClInclude Include="src\meshParticles\matrix3d.h">
      <Filter>common\meshParticles</Filter>
    </ClInclude>
    <ClInclude Include="src\meshParticles\matrix4d.h">
      <Filter>common\meshParticles</Filter>
    </ClInclude>
    <ClInclude Include="src\meshParticles\opengl.h">
      <Filter>common\meshParticles</Filter>
    </ClInclude>
    <ClInclude Include="src\meshParticles\opengl_utils.h">
      <Filter>common\meshParticles</Filter>
    </ClInclude>
    <ClInclude Include="src\meshParticles\particle.h">
      <Filter>common\meshParticles</Filter>
    </ClInclude>
    <ClInclude Include="src\meshParticles\particleplacer.h">
      <Filter>common\meshParticles</Filter>
    </ClInclude>
    <ClInclude Include="src\meshParticles\quaternion.h">
      <Filter>common\meshParticles</Filter>
    </ClInclude>
    <ClInclude Include="src\meshParticles\ray.h">
      <Filter>common\meshParticles</Filter>
    </ClInclude>
    <ClInclude Include="src\meshParticles\renderable.h">
      <Filter>common\meshParticles</Filter>
    </ClInclude>
    <ClInclude Include="src\meshParticles\scalar.h">
      <Filter>common\meshParticles</Filter>
    </ClInclude>
    <ClInclude Include="src\meshParticles\scalarlattice.h">
      <Filter>common\meshParticles</Filter>
    </ClInclude>
    <ClInclude Include="src\meshParticles\sparsescalarlattice.h">
      <Filter>common\meshParticles</Filter>
    </ClInclude>
    <ClInclude Include="src\meshParticles\spatialmap.h">
      <Filter>common\meshParticles</Filter>
    </ClInclude>
    <ClInclude Include="src\meshParticles\stopwatch.h">
      <Filter>common\meshParticles</Filter>
    </ClInclude>
    <ClInclude Include="src\meshParticles\testing.h">
      <Filter>common\meshParticles</Filter>
    </ClInclude>
    <ClInclude Include="src\meshParticles\triangle.h">
      <Filter>common\meshParticles</Filter>
    </ClInclude>
    <ClInclude Include="src\meshParticles\triangleboxoverlap.h">
      <Filter>common\meshParticles</Filter>
    </ClInclude>
    <ClInclude Include="src\meshParticles\trianglemesh.h">
      <Filter>common\meshParticles</Filter>
    </ClInclude>
    <ClInclude Include="src\meshParticles\trianglenearestpoint.h">
      <Filter>common\meshParticles</Filter>
    </ClInclude>
    <ClInclude Include="src\meshParticles\uniqueid.h">
      <Filter>common\meshParticles</Filter>
    </ClInclude>
    <ClInclude Include="src\meshParticles\usertime.h">
      <Filter>common\meshParticles</Filter>
    </ClInclude>
    <ClInclude Include="src\meshParticles\utils.h">
      <Filter>common\meshParticles</Filter>
    </ClInclude>
    <ClInclude Include="src\meshParticles\vector2d.h">
      <Filter>common\meshParticles</Filter>
    </ClInclude>
    <ClInclude Include="src\meshParticles\vector3d.h">
      <Filter>common\meshParticles</Filter>
    </ClInclude>
    <ClInclude Include="src\meshParticles\vector4d.h">
      <Filter>common\meshParticles</Filter>
    </ClInclude>
    <ClInclude Include="src\meshParticles\adf.h">
      <Filter>common\meshParticles</Filter>
    </ClInclude>
    <ClInclude Include="src\meshParticles\algo.h">
      <Filter>common\meshParticles</Filter>
    </ClInclude>
    <ClInclude Include="src\meshParticles\arcballcontroller.h">
      <Filter>common\meshParticles</Filter>
    </ClInclude>
    <ClInclude Include="src\vmmlib\axisAlignedBoundingBox.h">
      <Filter>common\vmml</Filter>
    </ClInclude>
    <ClInclude Include="src\vmmlib\details.hpp">
      <Filter>common\vmml</Filter>
    </ClInclude>
    <ClInclude Include="src\vmmlib\exception.hpp">
      <Filter>common\vmml</Filter>
    </ClInclude>
    <ClInclude Include="src\vmmlib\frustum.h">
      <Filter>common\vmml</Filter>
    </ClInclude>
    <ClInclude Include="src\vmmlib\frustum.hpp">
      <Filter>common\vmml</Filter>
    </ClInclude>
    <ClInclude Include="src\vmmlib\frustumCuller.h">
      <Filter>common\vmml</Filter>
    </ClInclude>
    <ClInclude Include="src\vmmlib\frustumCuller.hpp">
      <Filter>common\vmml</Filter>
    </ClInclude>
    <ClInclude Include="src\vmmlib\helperFunctions.h">
      <Filter>common\vmml</Filter>
    </ClInclude>
    <ClInclude Include="src\vmmlib\jacobiSolver.h">
      <Filter>common\vmml</Filter>
    </ClInclude>
    <ClInclude Include="src\vmmlib\jacobiSolver.hpp">
      <Filter>common\vmml</Filter>
    </ClInclude>
    <ClInclude Include="src\vmmlib\lapack.hpp">
      <Filter>common\vmml</Filter>
    </ClInclude>
    <ClInclude Include="src\vmmlib\lapack_includes.hpp">
      <Filter>common\vmml</Filter>
    </ClInclude>
    <ClInclude Include="src\vmmlib\lapack_linear_least_squares.hpp">
      <Filter>common\vmml</Filter>
    </ClInclude>
    <ClInclude Include="src\vmmlib\lapack_svd.hpp">
      <Filter>common\vmml</Filter>
    </ClInclude>
    <ClInclude Include="src\vmmlib\lapack_types.hpp">
      <Filter>common\vmml</Filter>
    </ClInclude>
    <ClInclude Include="src\vmmlib\linear_least_squares.hpp">
      <Filter>common\vmml</Filter>
    </ClInclude>
    <ClInclude Include="src\vmmlib\matrix.hpp">
      <Filter>common\vmml</Filter>
    </ClInclude>
    <ClInclude Include="src\vmmlib\matrix_functors.hpp">
      <Filter>common\vmml</Filter>
    </ClInclude>
    <ClInclude Include="src\vmmlib\matrix3.h">
      <Filter>common\vmml</Filter>
    </ClInclude>
    <ClInclude Include="src\vmmlib\matrix4.h">
      <Filter>common\vmml</Filter>
    </ClInclude>
    <ClInclude Include="src\vmmlib\qr_decomposition.hpp">
      <Filter>common\vmml</Filter>
    </ClInclude>
    <ClInclude Include="src\vmmlib\quaternion.h">
      <Filter>common\vmml</Filter>
    </ClInclude>
    <ClInclude Include="src\vmmlib\quaternion.hpp">
      <Filter>common\vmml</Filter>
    </ClInclude>
    <ClInclude Include="src\vmmlib\stringUtils.h">
      <Filter>common\vmml</Filter>
    </ClInclude>
    <ClInclude Include="src\vmmlib\stringUtils.hpp">
      <Filter>common\vmml</Filter>
    </ClInclude>
    <ClInclude Include="src\vmmlib\svd.h">
      <Filter>common\vmml</Filter>
    </ClInclude>
    <ClInclude Include="src\vmmlib\svd.hpp">
      <Filter>common\vmml</Filter>
    </ClInclude>
    <ClInclude Include="src\vmmlib\vector.hpp">
      <Filter>common\vmml</Filter>
    </ClInclude>
    <ClInclude Include="src\vmmlib\vector2.h">
      <Filter>common\vmml</Filter>
    </ClInclude>
    <ClInclude Include="src\vmmlib\vector3.h">
      <Filter>common\vmml</Filter>
    </ClInclude>
    <ClInclude Include="src\vmmlib\vector4.h">
      <Filter>common\vmml</Filter>
    </ClInclude>
    <ClInclude Include="src\vmmlib\visibility.h">
      <Filter>common\vmml</Filter>
    </ClInclude>
    <ClInclude Include="src\vmmlib\visibility.hpp">
      <Filter>common\vmml</Filter>
    </ClInclude>
    <ClInclude Include="src\vmmlib\vmmlib.h">
      <Filter>common\vmml</Filter>
    </ClInclude>
    <ClInclude Include="src\vmmlib\vmmlib.hpp">
      <Filter>common\vmml</Filter>
    </ClInclude>
    <ClInclude Include="src\vmmlib\vmmlib_config.hpp">
      <Filter>common\vmml</Filter>
    </ClInclude>
    <ClInclude Include="src\cpu\cudaSPH_Include.h">
      <Filter>cpu_version\header</Filter>
    </ClInclude>
    <ClInclude Include="src\cpu\cutil.h">
      <Filter>cpu_version\header</Filter>
    </ClInclude>
    <ClInclude Include="src\cpu\Face.h">
      <Filter>cpu_version\header</Filter>
    </ClInclude>
    <ClInclude Include="src\cpu\GlutApplication.h">
      <Filter>cpu_version\header</Filter>
    </ClInclude>
    <ClInclude Include="src\cpu\GlutWindow.h">
      <Filter>cpu_version\header</Filter>
    </ClInclude>
    <ClInclude Include="src\cpu\helper_math.h">
      <Filter>cpu_version\header</Filter>
    </ClInclude>
    <ClInclude Include="src\cpu\host_defines.h">
      <Filter>cpu_version\header</Filter>
    </ClInclude>
    <ClInclude Include="src\cpu\Matrix3x3.h">
      <Filter>cpu_version\header</Filter>
    </ClInclude>
    <ClInclude Include="src\cpu\Mesh.h">
      <Filter>cpu_version\header</Filter>
    </ClInclude>
    <ClInclude Include="src\cpu\ObjectLoader.h">
      <Filter>cpu_version\header</Filter>
    </ClInclude>
    <ClInclude Include="src\cpu\ObjLoader.h">
      <Filter>cpu_version\header</Filter>
    </ClInclude>
    <ClInclude Include="src\cpu\Polygon.h">
      <Filter>cpu_version\header</Filter>
    </ClInclude>
    <ClInclude Include="src\cpu\render_particles.h">
      <Filter>cpu_version\header</Filter>
    </ClInclude>
    <ClInclude Include="src\cpu\RigidBody.h">
      <Filter>cpu_version\header</Filter>
    </ClInclude>
    <ClInclude Include="src\cpu\shaders.h">
      <Filter>cpu_version\header</Filter>
    </ClInclude>
    <ClInclude Include="src\cpu\UnifiedIO.h">
      <Filter>cpu_version\header</Filter>
    </ClInclude>
    <ClInclude Include="src\cpu\UnifiedParticle.h">
      <Filter>cpu_version\header</Filter>
    </ClInclude>
    <ClInclude Include="src\cpu\UnifiedPhysics.h">
      <Filter>cpu_version\header</Filter>
    </ClInclude>
    <ClInclude Include="src\cpu\UnifiedWindow.h">
      <Filter>cpu_version\header</Filter>
    </ClInclude>
    <ClInclude Include="src\cpu\vector_types.h">
      <Filter>cpu_version\header</Filter>
    </ClInclude>
    <ClInclude Include="src\cpu\Vector3D.h">
      <Filter>cpu_version\header</Filter>
    </ClInclude>
    <ClInclude Include="src\cpu\WeightingKernel.h">
      <Filter>cpu_version\header</Filter>
    </ClInclude>
    <ClInclude Include="src\cpu\zIndex.h">
      <Filter>cpu_version\header</Filter>
    </ClInclude>
    <ClInclude Include="src\gpu\particles.cuh">
      <Filter>gpu_version\header</Filter>
    </ClInclude>
    <ClInclude Include="src\gpu\particles_kernel.cuh">
      <Filter>gpu_version\header</Filter>
    </ClInclude>
    <ClInclude Include="src\gpu\radixsort.cuh">
      <Filter>gpu_version\header</Filter>
    </ClInclude>
    <ClInclude Include="src\gpu\UnifiedMathCUDA.cuh">
      <Filter>gpu_version\header</Filter>
    </ClInclude>
    <ClInclude Include="src\SceneConfigure\UnifiedConstants.h">
      <Filter>SceneConfigure</Filter>
    </ClInclude>
    <ClInclude Include="src\SceneConfigure\global.h">
      <Filter>SceneConfigure</Filter>
    </ClInclude>
    <ClInclude Include="src\SceneConfigure\Scene.h">
      <Filter>SceneConfigure</Filter>
    </ClInclude>
    <ClInclude Include="src\cpu\globalPath.h">
      <Filter>cpu_version\header</Filter>
    </ClInclude>
    <ClInclude Include="src\system\Profiling.h">
      <Filter>cpu_version\header</Filter>
    </ClInclude>
    <ClInclude Include="src\system\Timer.h">
      <Filter>cpu_version\header</Filter>
    </ClInclude>
    <ClInclude Include="src\cpu\sort.h">
      <Filter>cpu_version\header</Filter>
    </ClInclude>
  </ItemGroup>
  <ItemGroup>
    <ClCompile Include="src\cpu\Face.cpp">
      <Filter>cpu_version\src</Filter>
    </ClCompile>
    <ClCompile Include="src\cpu\GlutApplication.cpp">
      <Filter>cpu_version\src</Filter>
    </ClCompile>
    <ClCompile Include="src\cpu\GlutWindow.cpp">
      <Filter>cpu_version\src</Filter>
    </ClCompile>
    <ClCompile Include="src\cpu\main.cpp">
      <Filter>cpu_version\src</Filter>
    </ClCompile>
    <ClCompile Include="src\cpu\Matrix3x3.cpp">
      <Filter>cpu_version\src</Filter>
    </ClCompile>
    <ClCompile Include="src\cpu\Mesh.cpp">
      <Filter>cpu_version\src</Filter>
    </ClCompile>
    <ClCompile Include="src\cpu\ObjectLoader.cpp">
      <Filter>cpu_version\src</Filter>
    </ClCompile>
    <ClCompile Include="src\cpu\ObjLoader.cpp">
      <Filter>cpu_version\src</Filter>
    </ClCompile>
    <ClCompile Include="src\cpu\Polygon.cpp">
      <Filter>cpu_version\src</Filter>
    </ClCompile>
    <ClCompile Include="src\cpu\render_particles.cpp">
      <Filter>cpu_version\src</Filter>
    </ClCompile>
    <ClCompile Include="src\cpu\RigidBody.cpp">
      <Filter>cpu_version\src</Filter>
    </ClCompile>
    <ClCompile Include="src\cpu\shaders.cpp">
      <Filter>cpu_version\src</Filter>
    </ClCompile>
    <ClCompile Include="src\cpu\UnifiedIO.cpp">
      <Filter>cpu_version\src</Filter>
    </ClCompile>
    <ClCompile Include="src\cpu\UnifiedParticle.cpp">
      <Filter>cpu_version\src</Filter>
    </ClCompile>
    <ClCompile Include="src\cpu\UnifiedPhysics.cpp">
      <Filter>cpu_version\src</Filter>
    </ClCompile>
    <ClCompile Include="src\cpu\UnifiedWindow.cpp">
      <Filter>cpu_version\src</Filter>
    </ClCompile>
    <ClCompile Include="src\cpu\Vector3D.cpp">
      <Filter>cpu_version\src</Filter>
    </ClCompile>
    <ClCompile Include="src\cpu\WeightingKernel.cpp">
      <Filter>cpu_version\src</Filter>
    </ClCompile>
    <ClCompile Include="src\cpu\zIndex.cpp">
      <Filter>cpu_version\src</Filter>
    </ClCompile>
    <ClCompile Include="src\SceneConfigure\Scene.cpp">
      <Filter>SceneConfigure</Filter>
    </ClCompile>
    <ClCompile Include="src\SceneConfigure\UnifiedConstants.cpp">
      <Filter>SceneConfigure</Filter>
    </ClCompile>
    <ClCompile Include="src\sceneConfigure\global.cpp">
      <Filter>SceneConfigure</Filter>
    </ClCompile>
    <ClCompile Include="src\system\Timer.cpp">
      <Filter>cpu_version\src</Filter>
    </ClCompile>
  </ItemGroup>
  <ItemGroup>
    <CudaCompile Include="src\gpu\particles.cu">
      <Filter>gpu_version\src</Filter>
    </CudaCompile>
    <CudaCompile Include="src\gpu\particles_kernel.cu">
      <Filter>gpu_version\src</Filter>
    </CudaCompile>
    <CudaCompile Include="src\gpu\radixsort_kernel.cu">
      <Filter>gpu_version\src</Filter>
    </CudaCompile>
    <CudaCompile Include="src\gpu\UnifiedMathCUDA.cu">
      <Filter>gpu_version\src</Filter>
    </CudaCompile>
  </ItemGroup>
</Project>